
Microsoft Visual Studio Solution File, Format Version 12.00
# Visual Studio Version 16
VisualStudioVersion = 16.0.32407.337
MinimumVisualStudioVersion = 10.0.40219.1
Project("{FAE04EC0-301F-11D3-BF4B-00C04F79EFBC}") = "Uri1005", "Uri1005\Uri1005.csproj", "{419B37BE-72AA-4DFA-9613-2DBB6529B2AE}"
EndProject
Global
	GlobalSection(SolutionConfigurationPlatforms) = preSolution
		Debug|Any CPU = Debug|Any CPU
		Release|Any CPU = Release|Any CPU
	EndGlobalSection
	GlobalSection(ProjectConfigurationPlatforms) = postSolution
		{419B37BE-72AA-4DFA-9613-2DBB6529B2AE}.Debug|Any CPU.ActiveCfg = Debug|Any CPU
		{419B37BE-72AA-4DFA-9613-2DBB6529B2AE}.Debug|Any CPU.Build.0 = Debug|Any CPU
		{419B37BE-72AA-4DFA-9613-2DBB6529B2AE}.Release|Any CPU.ActiveCfg = Release|Any CPU
		{419B37BE-72AA-4DFA-9613-2DBB6529B2AE}.Release|Any CPU.Build.0 = Release|Any CPU
	EndGlobalSection
	GlobalSection(SolutionProperties) = preSolution
		HideSolutionNode = FALSE
	EndGlobalSection
	GlobalSection(ExtensibilityGlobals) = postSolution
		SolutionGuid = {94FB502E-BCF1-400E-AF2B-DCE3E9928374}
	EndGlobalSection
EndGlobal
