
Microsoft Visual Studio Solution File, Format Version 12.00
# Visual Studio Version 16
VisualStudioVersion = 16.0.32413.511
MinimumVisualStudioVersion = 10.0.40219.1
Project("{FAE04EC0-301F-11D3-BF4B-00C04F79EFBC}") = "AtividadesResolvidasMatriz3", "AtividadesResolvidasMatriz3\AtividadesResolvidasMatriz3.csproj", "{47CEFE72-6D80-43AA-8ED1-6EC6B6C17D94}"
EndProject
Global
	GlobalSection(SolutionConfigurationPlatforms) = preSolution
		Debug|Any CPU = Debug|Any CPU
		Release|Any CPU = Release|Any CPU
	EndGlobalSection
	GlobalSection(ProjectConfigurationPlatforms) = postSolution
		{47CEFE72-6D80-43AA-8ED1-6EC6B6C17D94}.Debug|Any CPU.ActiveCfg = Debug|Any CPU
		{47CEFE72-6D80-43AA-8ED1-6EC6B6C17D94}.Debug|Any CPU.Build.0 = Debug|Any CPU
		{47CEFE72-6D80-43AA-8ED1-6EC6B6C17D94}.Release|Any CPU.ActiveCfg = Release|Any CPU
		{47CEFE72-6D80-43AA-8ED1-6EC6B6C17D94}.Release|Any CPU.Build.0 = Release|Any CPU
	EndGlobalSection
	GlobalSection(SolutionProperties) = preSolution
		HideSolutionNode = FALSE
	EndGlobalSection
	GlobalSection(ExtensibilityGlobals) = postSolution
		SolutionGuid = {BFD500FF-BEF0-4A4F-8632-44E23BE3E7A7}
	EndGlobalSection
EndGlobal
