
Microsoft Visual Studio Solution File, Format Version 12.00
# Visual Studio Version 16
VisualStudioVersion = 16.0.32413.511
MinimumVisualStudioVersion = 10.0.40219.1
Project("{FAE04EC0-301F-11D3-BF4B-00C04F79EFBC}") = "ExercicioResolvidoVetor2", "ExercicioResolvidoVetor2\ExercicioResolvidoVetor2.csproj", "{C3779765-43C2-4091-B211-CBA117E70CFE}"
EndProject
Global
	GlobalSection(SolutionConfigurationPlatforms) = preSolution
		Debug|Any CPU = Debug|Any CPU
		Release|Any CPU = Release|Any CPU
	EndGlobalSection
	GlobalSection(ProjectConfigurationPlatforms) = postSolution
		{C3779765-43C2-4091-B211-CBA117E70CFE}.Debug|Any CPU.ActiveCfg = Debug|Any CPU
		{C3779765-43C2-4091-B211-CBA117E70CFE}.Debug|Any CPU.Build.0 = Debug|Any CPU
		{C3779765-43C2-4091-B211-CBA117E70CFE}.Release|Any CPU.ActiveCfg = Release|Any CPU
		{C3779765-43C2-4091-B211-CBA117E70CFE}.Release|Any CPU.Build.0 = Release|Any CPU
	EndGlobalSection
	GlobalSection(SolutionProperties) = preSolution
		HideSolutionNode = FALSE
	EndGlobalSection
	GlobalSection(ExtensibilityGlobals) = postSolution
		SolutionGuid = {616E0792-099B-4D74-8650-551A2403E99C}
	EndGlobalSection
EndGlobal
