
Microsoft Visual Studio Solution File, Format Version 12.00
# Visual Studio Version 16
VisualStudioVersion = 16.0.32413.511
MinimumVisualStudioVersion = 10.0.40219.1
Project("{FAE04EC0-301F-11D3-BF4B-00C04F79EFBC}") = "uri1049", "uri1049\uri1049.csproj", "{19E7BC71-1354-4FA9-897F-5709833184B0}"
EndProject
Global
	GlobalSection(SolutionConfigurationPlatforms) = preSolution
		Debug|Any CPU = Debug|Any CPU
		Release|Any CPU = Release|Any CPU
	EndGlobalSection
	GlobalSection(ProjectConfigurationPlatforms) = postSolution
		{19E7BC71-1354-4FA9-897F-5709833184B0}.Debug|Any CPU.ActiveCfg = Debug|Any CPU
		{19E7BC71-1354-4FA9-897F-5709833184B0}.Debug|Any CPU.Build.0 = Debug|Any CPU
		{19E7BC71-1354-4FA9-897F-5709833184B0}.Release|Any CPU.ActiveCfg = Release|Any CPU
		{19E7BC71-1354-4FA9-897F-5709833184B0}.Release|Any CPU.Build.0 = Release|Any CPU
	EndGlobalSection
	GlobalSection(SolutionProperties) = preSolution
		HideSolutionNode = FALSE
	EndGlobalSection
	GlobalSection(ExtensibilityGlobals) = postSolution
		SolutionGuid = {F7212B18-5AF8-44D7-B931-B4F280C100F1}
	EndGlobalSection
EndGlobal
