
Microsoft Visual Studio Solution File, Format Version 12.00
# Visual Studio Version 16
VisualStudioVersion = 16.0.32413.511
MinimumVisualStudioVersion = 10.0.40219.1
Project("{FAE04EC0-301F-11D3-BF4B-00C04F79EFBC}") = "AtividadeResolvidaVetor3", "AtividadeResolvidaVetor3\AtividadeResolvidaVetor3.csproj", "{B11BD906-1EAB-44B0-9BA5-EB2E7716F9CB}"
EndProject
Global
	GlobalSection(SolutionConfigurationPlatforms) = preSolution
		Debug|Any CPU = Debug|Any CPU
		Release|Any CPU = Release|Any CPU
	EndGlobalSection
	GlobalSection(ProjectConfigurationPlatforms) = postSolution
		{B11BD906-1EAB-44B0-9BA5-EB2E7716F9CB}.Debug|Any CPU.ActiveCfg = Debug|Any CPU
		{B11BD906-1EAB-44B0-9BA5-EB2E7716F9CB}.Debug|Any CPU.Build.0 = Debug|Any CPU
		{B11BD906-1EAB-44B0-9BA5-EB2E7716F9CB}.Release|Any CPU.ActiveCfg = Release|Any CPU
		{B11BD906-1EAB-44B0-9BA5-EB2E7716F9CB}.Release|Any CPU.Build.0 = Release|Any CPU
	EndGlobalSection
	GlobalSection(SolutionProperties) = preSolution
		HideSolutionNode = FALSE
	EndGlobalSection
	GlobalSection(ExtensibilityGlobals) = postSolution
		SolutionGuid = {C078C066-18E7-4427-9AC3-163107A0FEBC}
	EndGlobalSection
EndGlobal
