
Microsoft Visual Studio Solution File, Format Version 12.00
# Visual Studio Version 16
VisualStudioVersion = 16.0.32413.511
MinimumVisualStudioVersion = 10.0.40219.1
Project("{FAE04EC0-301F-11D3-BF4B-00C04F79EFBC}") = "uri1038_teste_de_vetor", "uri1038_teste_de_vetor\uri1038_teste_de_vetor.csproj", "{4656ADD0-C4AD-425A-AB43-F73C96000A47}"
EndProject
Global
	GlobalSection(SolutionConfigurationPlatforms) = preSolution
		Debug|Any CPU = Debug|Any CPU
		Release|Any CPU = Release|Any CPU
	EndGlobalSection
	GlobalSection(ProjectConfigurationPlatforms) = postSolution
		{4656ADD0-C4AD-425A-AB43-F73C96000A47}.Debug|Any CPU.ActiveCfg = Debug|Any CPU
		{4656ADD0-C4AD-425A-AB43-F73C96000A47}.Debug|Any CPU.Build.0 = Debug|Any CPU
		{4656ADD0-C4AD-425A-AB43-F73C96000A47}.Release|Any CPU.ActiveCfg = Release|Any CPU
		{4656ADD0-C4AD-425A-AB43-F73C96000A47}.Release|Any CPU.Build.0 = Release|Any CPU
	EndGlobalSection
	GlobalSection(SolutionProperties) = preSolution
		HideSolutionNode = FALSE
	EndGlobalSection
	GlobalSection(ExtensibilityGlobals) = postSolution
		SolutionGuid = {EEBA4A85-C6FE-42F7-B2C1-00EAF3C66F2E}
	EndGlobalSection
EndGlobal
