
Microsoft Visual Studio Solution File, Format Version 12.00
# Visual Studio Version 16
VisualStudioVersion = 16.0.32413.511
MinimumVisualStudioVersion = 10.0.40219.1
Project("{FAE04EC0-301F-11D3-BF4B-00C04F79EFBC}") = "uri1079MediasPonderadas", "uri1079MediasPonderadas\uri1079MediasPonderadas.csproj", "{24FD29D5-04B5-4075-9F51-378A3C189E20}"
EndProject
Global
	GlobalSection(SolutionConfigurationPlatforms) = preSolution
		Debug|Any CPU = Debug|Any CPU
		Release|Any CPU = Release|Any CPU
	EndGlobalSection
	GlobalSection(ProjectConfigurationPlatforms) = postSolution
		{24FD29D5-04B5-4075-9F51-378A3C189E20}.Debug|Any CPU.ActiveCfg = Debug|Any CPU
		{24FD29D5-04B5-4075-9F51-378A3C189E20}.Debug|Any CPU.Build.0 = Debug|Any CPU
		{24FD29D5-04B5-4075-9F51-378A3C189E20}.Release|Any CPU.ActiveCfg = Release|Any CPU
		{24FD29D5-04B5-4075-9F51-378A3C189E20}.Release|Any CPU.Build.0 = Release|Any CPU
	EndGlobalSection
	GlobalSection(SolutionProperties) = preSolution
		HideSolutionNode = FALSE
	EndGlobalSection
	GlobalSection(ExtensibilityGlobals) = postSolution
		SolutionGuid = {A6F8DC67-C168-4368-A38E-D8949C10DEE0}
	EndGlobalSection
EndGlobal
