
Microsoft Visual Studio Solution File, Format Version 12.00
# Visual Studio Version 16
VisualStudioVersion = 16.0.32407.337
MinimumVisualStudioVersion = 10.0.40219.1
Project("{FAE04EC0-301F-11D3-BF4B-00C04F79EFBC}") = "uri1011", "uri1011\uri1011.csproj", "{A32C633A-67DD-4331-A0F5-65380F9BF488}"
EndProject
Global
	GlobalSection(SolutionConfigurationPlatforms) = preSolution
		Debug|Any CPU = Debug|Any CPU
		Release|Any CPU = Release|Any CPU
	EndGlobalSection
	GlobalSection(ProjectConfigurationPlatforms) = postSolution
		{A32C633A-67DD-4331-A0F5-65380F9BF488}.Debug|Any CPU.ActiveCfg = Debug|Any CPU
		{A32C633A-67DD-4331-A0F5-65380F9BF488}.Debug|Any CPU.Build.0 = Debug|Any CPU
		{A32C633A-67DD-4331-A0F5-65380F9BF488}.Release|Any CPU.ActiveCfg = Release|Any CPU
		{A32C633A-67DD-4331-A0F5-65380F9BF488}.Release|Any CPU.Build.0 = Release|Any CPU
	EndGlobalSection
	GlobalSection(SolutionProperties) = preSolution
		HideSolutionNode = FALSE
	EndGlobalSection
	GlobalSection(ExtensibilityGlobals) = postSolution
		SolutionGuid = {89ADC1C3-795A-4F21-A31D-C171060BE335}
	EndGlobalSection
EndGlobal
