
Microsoft Visual Studio Solution File, Format Version 12.00
# Visual Studio Version 16
VisualStudioVersion = 16.0.32413.511
MinimumVisualStudioVersion = 10.0.40219.1
Project("{FAE04EC0-301F-11D3-BF4B-00C04F79EFBC}") = "uri1037", "uri1037\uri1037.csproj", "{14521ED4-27DA-431D-99A7-B316E6BF144C}"
EndProject
Global
	GlobalSection(SolutionConfigurationPlatforms) = preSolution
		Debug|Any CPU = Debug|Any CPU
		Release|Any CPU = Release|Any CPU
	EndGlobalSection
	GlobalSection(ProjectConfigurationPlatforms) = postSolution
		{14521ED4-27DA-431D-99A7-B316E6BF144C}.Debug|Any CPU.ActiveCfg = Debug|Any CPU
		{14521ED4-27DA-431D-99A7-B316E6BF144C}.Debug|Any CPU.Build.0 = Debug|Any CPU
		{14521ED4-27DA-431D-99A7-B316E6BF144C}.Release|Any CPU.ActiveCfg = Release|Any CPU
		{14521ED4-27DA-431D-99A7-B316E6BF144C}.Release|Any CPU.Build.0 = Release|Any CPU
	EndGlobalSection
	GlobalSection(SolutionProperties) = preSolution
		HideSolutionNode = FALSE
	EndGlobalSection
	GlobalSection(ExtensibilityGlobals) = postSolution
		SolutionGuid = {8DC9D4B0-F592-41CD-981B-6CB43856E178}
	EndGlobalSection
EndGlobal
