
Microsoft Visual Studio Solution File, Format Version 12.00
# Visual Studio Version 16
VisualStudioVersion = 16.0.32413.511
MinimumVisualStudioVersion = 10.0.40219.1
Project("{FAE04EC0-301F-11D3-BF4B-00C04F79EFBC}") = "uri1080MaiorNumeroPosicao", "uri1080MaiorNumeroPosicao\uri1080MaiorNumeroPosicao.csproj", "{20ABF591-CFA8-4B55-8AC7-C0BE4A51994F}"
EndProject
Global
	GlobalSection(SolutionConfigurationPlatforms) = preSolution
		Debug|Any CPU = Debug|Any CPU
		Release|Any CPU = Release|Any CPU
	EndGlobalSection
	GlobalSection(ProjectConfigurationPlatforms) = postSolution
		{20ABF591-CFA8-4B55-8AC7-C0BE4A51994F}.Debug|Any CPU.ActiveCfg = Debug|Any CPU
		{20ABF591-CFA8-4B55-8AC7-C0BE4A51994F}.Debug|Any CPU.Build.0 = Debug|Any CPU
		{20ABF591-CFA8-4B55-8AC7-C0BE4A51994F}.Release|Any CPU.ActiveCfg = Release|Any CPU
		{20ABF591-CFA8-4B55-8AC7-C0BE4A51994F}.Release|Any CPU.Build.0 = Release|Any CPU
	EndGlobalSection
	GlobalSection(SolutionProperties) = preSolution
		HideSolutionNode = FALSE
	EndGlobalSection
	GlobalSection(ExtensibilityGlobals) = postSolution
		SolutionGuid = {3F22BB1D-924A-409B-9D85-09D859CE528C}
	EndGlobalSection
EndGlobal
