
Microsoft Visual Studio Solution File, Format Version 12.00
# Visual Studio Version 16
VisualStudioVersion = 16.0.32413.511
MinimumVisualStudioVersion = 10.0.40219.1
Project("{FAE04EC0-301F-11D3-BF4B-00C04F79EFBC}") = "uri1158SomaDeImparesConsecultivos3", "uri1158SomaDeImparesConsecultivos3\uri1158SomaDeImparesConsecultivos3.csproj", "{CBFFEC7A-0485-4A85-8AD6-894A674BE83B}"
EndProject
Global
	GlobalSection(SolutionConfigurationPlatforms) = preSolution
		Debug|Any CPU = Debug|Any CPU
		Release|Any CPU = Release|Any CPU
	EndGlobalSection
	GlobalSection(ProjectConfigurationPlatforms) = postSolution
		{CBFFEC7A-0485-4A85-8AD6-894A674BE83B}.Debug|Any CPU.ActiveCfg = Debug|Any CPU
		{CBFFEC7A-0485-4A85-8AD6-894A674BE83B}.Debug|Any CPU.Build.0 = Debug|Any CPU
		{CBFFEC7A-0485-4A85-8AD6-894A674BE83B}.Release|Any CPU.ActiveCfg = Release|Any CPU
		{CBFFEC7A-0485-4A85-8AD6-894A674BE83B}.Release|Any CPU.Build.0 = Release|Any CPU
	EndGlobalSection
	GlobalSection(SolutionProperties) = preSolution
		HideSolutionNode = FALSE
	EndGlobalSection
	GlobalSection(ExtensibilityGlobals) = postSolution
		SolutionGuid = {E2E9E3C0-7C1D-43C8-8CF1-1ED1DA96A12F}
	EndGlobalSection
EndGlobal
