
Microsoft Visual Studio Solution File, Format Version 12.00
# Visual Studio Version 16
VisualStudioVersion = 16.0.32413.511
MinimumVisualStudioVersion = 10.0.40219.1
Project("{FAE04EC0-301F-11D3-BF4B-00C04F79EFBC}") = "AtividadeDeWhile", "AtividadeDeWhile\AtividadeDeWhile.csproj", "{386C3604-3E89-4CDD-8594-FA3F3140D525}"
EndProject
Global
	GlobalSection(SolutionConfigurationPlatforms) = preSolution
		Debug|Any CPU = Debug|Any CPU
		Release|Any CPU = Release|Any CPU
	EndGlobalSection
	GlobalSection(ProjectConfigurationPlatforms) = postSolution
		{386C3604-3E89-4CDD-8594-FA3F3140D525}.Debug|Any CPU.ActiveCfg = Debug|Any CPU
		{386C3604-3E89-4CDD-8594-FA3F3140D525}.Debug|Any CPU.Build.0 = Debug|Any CPU
		{386C3604-3E89-4CDD-8594-FA3F3140D525}.Release|Any CPU.ActiveCfg = Release|Any CPU
		{386C3604-3E89-4CDD-8594-FA3F3140D525}.Release|Any CPU.Build.0 = Release|Any CPU
	EndGlobalSection
	GlobalSection(SolutionProperties) = preSolution
		HideSolutionNode = FALSE
	EndGlobalSection
	GlobalSection(ExtensibilityGlobals) = postSolution
		SolutionGuid = {7BE3A770-3EA1-4242-ADE3-96016E20890A}
	EndGlobalSection
EndGlobal
