
Microsoft Visual Studio Solution File, Format Version 12.00
# Visual Studio Version 17
VisualStudioVersion = 17.1.32414.318
MinimumVisualStudioVersion = 10.0.40219.1
Project("{FAE04EC0-301F-11D3-BF4B-00C04F79EFBC}") = "Atividades_Estrutura_condicional_2_cs", "Atividades_Estrutura_condicional_2_cs\Atividades_Estrutura_condicional_2_cs.csproj", "{56DBA61C-2871-4D93-A7A1-730A4687A73B}"
EndProject
Global
	GlobalSection(SolutionConfigurationPlatforms) = preSolution
		Debug|Any CPU = Debug|Any CPU
		Release|Any CPU = Release|Any CPU
	EndGlobalSection
	GlobalSection(ProjectConfigurationPlatforms) = postSolution
		{56DBA61C-2871-4D93-A7A1-730A4687A73B}.Debug|Any CPU.ActiveCfg = Debug|Any CPU
		{56DBA61C-2871-4D93-A7A1-730A4687A73B}.Debug|Any CPU.Build.0 = Debug|Any CPU
		{56DBA61C-2871-4D93-A7A1-730A4687A73B}.Release|Any CPU.ActiveCfg = Release|Any CPU
		{56DBA61C-2871-4D93-A7A1-730A4687A73B}.Release|Any CPU.Build.0 = Release|Any CPU
	EndGlobalSection
	GlobalSection(SolutionProperties) = preSolution
		HideSolutionNode = FALSE
	EndGlobalSection
	GlobalSection(ExtensibilityGlobals) = postSolution
		SolutionGuid = {D1182822-5668-422B-9EC1-E7FA586B5A99}
	EndGlobalSection
EndGlobal
