
Microsoft Visual Studio Solution File, Format Version 12.00
# Visual Studio Version 16
VisualStudioVersion = 16.0.32413.511
MinimumVisualStudioVersion = 10.0.40219.1
Project("{FAE04EC0-301F-11D3-BF4B-00C04F79EFBC}") = "uri1132", "uri1132\uri1132.csproj", "{353BD51C-C756-41CA-A8FB-75DB4CD480EC}"
EndProject
Global
	GlobalSection(SolutionConfigurationPlatforms) = preSolution
		Debug|Any CPU = Debug|Any CPU
		Release|Any CPU = Release|Any CPU
	EndGlobalSection
	GlobalSection(ProjectConfigurationPlatforms) = postSolution
		{353BD51C-C756-41CA-A8FB-75DB4CD480EC}.Debug|Any CPU.ActiveCfg = Debug|Any CPU
		{353BD51C-C756-41CA-A8FB-75DB4CD480EC}.Debug|Any CPU.Build.0 = Debug|Any CPU
		{353BD51C-C756-41CA-A8FB-75DB4CD480EC}.Release|Any CPU.ActiveCfg = Release|Any CPU
		{353BD51C-C756-41CA-A8FB-75DB4CD480EC}.Release|Any CPU.Build.0 = Release|Any CPU
	EndGlobalSection
	GlobalSection(SolutionProperties) = preSolution
		HideSolutionNode = FALSE
	EndGlobalSection
	GlobalSection(ExtensibilityGlobals) = postSolution
		SolutionGuid = {33142C2D-2557-4835-94CA-FD711BD45394}
	EndGlobalSection
EndGlobal
