
Microsoft Visual Studio Solution File, Format Version 12.00
# Visual Studio Version 16
VisualStudioVersion = 16.0.32407.337
MinimumVisualStudioVersion = 10.0.40219.1
Project("{FAE04EC0-301F-11D3-BF4B-00C04F79EFBC}") = "uri1010", "uri1010\uri1010.csproj", "{0DBE1A04-EBAD-423C-A44E-798043254439}"
EndProject
Global
	GlobalSection(SolutionConfigurationPlatforms) = preSolution
		Debug|Any CPU = Debug|Any CPU
		Release|Any CPU = Release|Any CPU
	EndGlobalSection
	GlobalSection(ProjectConfigurationPlatforms) = postSolution
		{0DBE1A04-EBAD-423C-A44E-798043254439}.Debug|Any CPU.ActiveCfg = Debug|Any CPU
		{0DBE1A04-EBAD-423C-A44E-798043254439}.Debug|Any CPU.Build.0 = Debug|Any CPU
		{0DBE1A04-EBAD-423C-A44E-798043254439}.Release|Any CPU.ActiveCfg = Release|Any CPU
		{0DBE1A04-EBAD-423C-A44E-798043254439}.Release|Any CPU.Build.0 = Release|Any CPU
	EndGlobalSection
	GlobalSection(SolutionProperties) = preSolution
		HideSolutionNode = FALSE
	EndGlobalSection
	GlobalSection(ExtensibilityGlobals) = postSolution
		SolutionGuid = {4BD80461-34E7-43A7-8755-8EAD41CE183D}
	EndGlobalSection
EndGlobal
