
Microsoft Visual Studio Solution File, Format Version 12.00
# Visual Studio Version 16
VisualStudioVersion = 16.0.32413.511
MinimumVisualStudioVersion = 10.0.40219.1
Project("{FAE04EC0-301F-11D3-BF4B-00C04F79EFBC}") = "uri1051", "uri1051\uri1051.csproj", "{406FF8F8-4589-4EAC-B2C2-34A6740FB043}"
EndProject
Global
	GlobalSection(SolutionConfigurationPlatforms) = preSolution
		Debug|Any CPU = Debug|Any CPU
		Release|Any CPU = Release|Any CPU
	EndGlobalSection
	GlobalSection(ProjectConfigurationPlatforms) = postSolution
		{406FF8F8-4589-4EAC-B2C2-34A6740FB043}.Debug|Any CPU.ActiveCfg = Debug|Any CPU
		{406FF8F8-4589-4EAC-B2C2-34A6740FB043}.Debug|Any CPU.Build.0 = Debug|Any CPU
		{406FF8F8-4589-4EAC-B2C2-34A6740FB043}.Release|Any CPU.ActiveCfg = Release|Any CPU
		{406FF8F8-4589-4EAC-B2C2-34A6740FB043}.Release|Any CPU.Build.0 = Release|Any CPU
	EndGlobalSection
	GlobalSection(SolutionProperties) = preSolution
		HideSolutionNode = FALSE
	EndGlobalSection
	GlobalSection(ExtensibilityGlobals) = postSolution
		SolutionGuid = {3F5EE7D7-A59A-4EB0-8098-15E9638D2C9A}
	EndGlobalSection
EndGlobal
