
Microsoft Visual Studio Solution File, Format Version 12.00
# Visual Studio Version 16
VisualStudioVersion = 16.0.32413.511
MinimumVisualStudioVersion = 10.0.40219.1
Project("{FAE04EC0-301F-11D3-BF4B-00C04F79EFBC}") = "Atividade_Numero_menor_cs", "Atividade_Numero_menor_cs\Atividade_Numero_menor_cs.csproj", "{6A0D9741-29B6-4D40-A21B-9D992C5D0A8D}"
EndProject
Global
	GlobalSection(SolutionConfigurationPlatforms) = preSolution
		Debug|Any CPU = Debug|Any CPU
		Release|Any CPU = Release|Any CPU
	EndGlobalSection
	GlobalSection(ProjectConfigurationPlatforms) = postSolution
		{6A0D9741-29B6-4D40-A21B-9D992C5D0A8D}.Debug|Any CPU.ActiveCfg = Debug|Any CPU
		{6A0D9741-29B6-4D40-A21B-9D992C5D0A8D}.Debug|Any CPU.Build.0 = Debug|Any CPU
		{6A0D9741-29B6-4D40-A21B-9D992C5D0A8D}.Release|Any CPU.ActiveCfg = Release|Any CPU
		{6A0D9741-29B6-4D40-A21B-9D992C5D0A8D}.Release|Any CPU.Build.0 = Release|Any CPU
	EndGlobalSection
	GlobalSection(SolutionProperties) = preSolution
		HideSolutionNode = FALSE
	EndGlobalSection
	GlobalSection(ExtensibilityGlobals) = postSolution
		SolutionGuid = {14CEF31F-0682-432A-882A-28E13C0D8498}
	EndGlobalSection
EndGlobal
