
Microsoft Visual Studio Solution File, Format Version 12.00
# Visual Studio Version 16
VisualStudioVersion = 16.0.32413.511
MinimumVisualStudioVersion = 10.0.40219.1
Project("{FAE04EC0-301F-11D3-BF4B-00C04F79EFBC}") = "uri1072IntervaloDeDois", "uri1072IntervaloDeDois\uri1072IntervaloDeDois.csproj", "{6BF0228D-C5DF-4595-AD86-C9CA5F057A69}"
EndProject
Global
	GlobalSection(SolutionConfigurationPlatforms) = preSolution
		Debug|Any CPU = Debug|Any CPU
		Release|Any CPU = Release|Any CPU
	EndGlobalSection
	GlobalSection(ProjectConfigurationPlatforms) = postSolution
		{6BF0228D-C5DF-4595-AD86-C9CA5F057A69}.Debug|Any CPU.ActiveCfg = Debug|Any CPU
		{6BF0228D-C5DF-4595-AD86-C9CA5F057A69}.Debug|Any CPU.Build.0 = Debug|Any CPU
		{6BF0228D-C5DF-4595-AD86-C9CA5F057A69}.Release|Any CPU.ActiveCfg = Release|Any CPU
		{6BF0228D-C5DF-4595-AD86-C9CA5F057A69}.Release|Any CPU.Build.0 = Release|Any CPU
	EndGlobalSection
	GlobalSection(SolutionProperties) = preSolution
		HideSolutionNode = FALSE
	EndGlobalSection
	GlobalSection(ExtensibilityGlobals) = postSolution
		SolutionGuid = {A08EE312-B4D1-42A1-AFFB-4BEA8E40281B}
	EndGlobalSection
EndGlobal
