
Microsoft Visual Studio Solution File, Format Version 12.00
# Visual Studio Version 17
VisualStudioVersion = 17.1.32407.343
MinimumVisualStudioVersion = 10.0.40219.1
Project("{FAE04EC0-301F-11D3-BF4B-00C04F79EFBC}") = "Equaçao2g", "Equaçao2g.csproj", "{73655677-21E8-49F5-B905-4817DAEDCF43}"
EndProject
Global
	GlobalSection(SolutionConfigurationPlatforms) = preSolution
		Debug|Any CPU = Debug|Any CPU
		Release|Any CPU = Release|Any CPU
	EndGlobalSection
	GlobalSection(ProjectConfigurationPlatforms) = postSolution
		{73655677-21E8-49F5-B905-4817DAEDCF43}.Debug|Any CPU.ActiveCfg = Debug|Any CPU
		{73655677-21E8-49F5-B905-4817DAEDCF43}.Debug|Any CPU.Build.0 = Debug|Any CPU
		{73655677-21E8-49F5-B905-4817DAEDCF43}.Release|Any CPU.ActiveCfg = Release|Any CPU
		{73655677-21E8-49F5-B905-4817DAEDCF43}.Release|Any CPU.Build.0 = Release|Any CPU
	EndGlobalSection
	GlobalSection(SolutionProperties) = preSolution
		HideSolutionNode = FALSE
	EndGlobalSection
	GlobalSection(ExtensibilityGlobals) = postSolution
		SolutionGuid = {47A0D5BA-EBC0-47E3-85D0-C2DF54BD8C40}
	EndGlobalSection
EndGlobal
