
Microsoft Visual Studio Solution File, Format Version 12.00
# Visual Studio Version 16
VisualStudioVersion = 16.0.32413.511
MinimumVisualStudioVersion = 10.0.40219.1
Project("{FAE04EC0-301F-11D3-BF4B-00C04F79EFBC}") = "uri1143QuadradoeCubo", "uri1143QuadradoeCubo\uri1143QuadradoeCubo.csproj", "{5C019086-F3D8-4CD1-BC98-437F0392EBCF}"
EndProject
Global
	GlobalSection(SolutionConfigurationPlatforms) = preSolution
		Debug|Any CPU = Debug|Any CPU
		Release|Any CPU = Release|Any CPU
	EndGlobalSection
	GlobalSection(ProjectConfigurationPlatforms) = postSolution
		{5C019086-F3D8-4CD1-BC98-437F0392EBCF}.Debug|Any CPU.ActiveCfg = Debug|Any CPU
		{5C019086-F3D8-4CD1-BC98-437F0392EBCF}.Debug|Any CPU.Build.0 = Debug|Any CPU
		{5C019086-F3D8-4CD1-BC98-437F0392EBCF}.Release|Any CPU.ActiveCfg = Release|Any CPU
		{5C019086-F3D8-4CD1-BC98-437F0392EBCF}.Release|Any CPU.Build.0 = Release|Any CPU
	EndGlobalSection
	GlobalSection(SolutionProperties) = preSolution
		HideSolutionNode = FALSE
	EndGlobalSection
	GlobalSection(ExtensibilityGlobals) = postSolution
		SolutionGuid = {7B1104BF-5363-4741-9809-65113DC0F52A}
	EndGlobalSection
EndGlobal
