
Microsoft Visual Studio Solution File, Format Version 12.00
# Visual Studio Version 16
VisualStudioVersion = 16.0.32413.511
MinimumVisualStudioVersion = 10.0.40219.1
Project("{FAE04EC0-301F-11D3-BF4B-00C04F79EFBC}") = "uri1035", "uri1035\uri1035.csproj", "{C462202E-140C-4ABD-B119-26B3A799839D}"
EndProject
Global
	GlobalSection(SolutionConfigurationPlatforms) = preSolution
		Debug|Any CPU = Debug|Any CPU
		Release|Any CPU = Release|Any CPU
	EndGlobalSection
	GlobalSection(ProjectConfigurationPlatforms) = postSolution
		{C462202E-140C-4ABD-B119-26B3A799839D}.Debug|Any CPU.ActiveCfg = Debug|Any CPU
		{C462202E-140C-4ABD-B119-26B3A799839D}.Debug|Any CPU.Build.0 = Debug|Any CPU
		{C462202E-140C-4ABD-B119-26B3A799839D}.Release|Any CPU.ActiveCfg = Release|Any CPU
		{C462202E-140C-4ABD-B119-26B3A799839D}.Release|Any CPU.Build.0 = Release|Any CPU
	EndGlobalSection
	GlobalSection(SolutionProperties) = preSolution
		HideSolutionNode = FALSE
	EndGlobalSection
	GlobalSection(ExtensibilityGlobals) = postSolution
		SolutionGuid = {28F3C26A-76E2-4CE1-891E-06533E9EF249}
	EndGlobalSection
EndGlobal
