
Microsoft Visual Studio Solution File, Format Version 12.00
# Visual Studio Version 16
VisualStudioVersion = 16.0.32407.337
MinimumVisualStudioVersion = 10.0.40219.1
Project("{FAE04EC0-301F-11D3-BF4B-00C04F79EFBC}") = "Atividade_medidas_do_retangulo_cs", "Atividade_medidas_do_retangulo_cs\Atividade_medidas_do_retangulo_cs.csproj", "{FA5CCBF0-3E77-4ED7-A972-A89E0267E615}"
EndProject
Global
	GlobalSection(SolutionConfigurationPlatforms) = preSolution
		Debug|Any CPU = Debug|Any CPU
		Release|Any CPU = Release|Any CPU
	EndGlobalSection
	GlobalSection(ProjectConfigurationPlatforms) = postSolution
		{FA5CCBF0-3E77-4ED7-A972-A89E0267E615}.Debug|Any CPU.ActiveCfg = Debug|Any CPU
		{FA5CCBF0-3E77-4ED7-A972-A89E0267E615}.Debug|Any CPU.Build.0 = Debug|Any CPU
		{FA5CCBF0-3E77-4ED7-A972-A89E0267E615}.Release|Any CPU.ActiveCfg = Release|Any CPU
		{FA5CCBF0-3E77-4ED7-A972-A89E0267E615}.Release|Any CPU.Build.0 = Release|Any CPU
	EndGlobalSection
	GlobalSection(SolutionProperties) = preSolution
		HideSolutionNode = FALSE
	EndGlobalSection
	GlobalSection(ExtensibilityGlobals) = postSolution
		SolutionGuid = {28ED489B-EA7D-4959-8002-9FBE656C86D4}
	EndGlobalSection
EndGlobal
