
Microsoft Visual Studio Solution File, Format Version 12.00
# Visual Studio Version 16
VisualStudioVersion = 16.0.32413.511
MinimumVisualStudioVersion = 10.0.40219.1
Project("{FAE04EC0-301F-11D3-BF4B-00C04F79EFBC}") = "uri1131Grenais", "uri1131Grenais\uri1131Grenais.csproj", "{73FD5B58-49B7-401B-91C8-EFE2AAEC991E}"
EndProject
Global
	GlobalSection(SolutionConfigurationPlatforms) = preSolution
		Debug|Any CPU = Debug|Any CPU
		Release|Any CPU = Release|Any CPU
	EndGlobalSection
	GlobalSection(ProjectConfigurationPlatforms) = postSolution
		{73FD5B58-49B7-401B-91C8-EFE2AAEC991E}.Debug|Any CPU.ActiveCfg = Debug|Any CPU
		{73FD5B58-49B7-401B-91C8-EFE2AAEC991E}.Debug|Any CPU.Build.0 = Debug|Any CPU
		{73FD5B58-49B7-401B-91C8-EFE2AAEC991E}.Release|Any CPU.ActiveCfg = Release|Any CPU
		{73FD5B58-49B7-401B-91C8-EFE2AAEC991E}.Release|Any CPU.Build.0 = Release|Any CPU
	EndGlobalSection
	GlobalSection(SolutionProperties) = preSolution
		HideSolutionNode = FALSE
	EndGlobalSection
	GlobalSection(ExtensibilityGlobals) = postSolution
		SolutionGuid = {2BD6AB3B-4A7F-49C5-AF88-524DC15D347D}
	EndGlobalSection
EndGlobal
