
Microsoft Visual Studio Solution File, Format Version 12.00
# Visual Studio Version 16
VisualStudioVersion = 16.0.32413.511
MinimumVisualStudioVersion = 10.0.40219.1
Project("{FAE04EC0-301F-11D3-BF4B-00C04F79EFBC}") = "uri1115Quadrantes", "uri1115Quadrantes\uri1115Quadrantes.csproj", "{86CB0A6C-C9AF-4B4A-B40F-580DA28825EB}"
EndProject
Global
	GlobalSection(SolutionConfigurationPlatforms) = preSolution
		Debug|Any CPU = Debug|Any CPU
		Release|Any CPU = Release|Any CPU
	EndGlobalSection
	GlobalSection(ProjectConfigurationPlatforms) = postSolution
		{86CB0A6C-C9AF-4B4A-B40F-580DA28825EB}.Debug|Any CPU.ActiveCfg = Debug|Any CPU
		{86CB0A6C-C9AF-4B4A-B40F-580DA28825EB}.Debug|Any CPU.Build.0 = Debug|Any CPU
		{86CB0A6C-C9AF-4B4A-B40F-580DA28825EB}.Release|Any CPU.ActiveCfg = Release|Any CPU
		{86CB0A6C-C9AF-4B4A-B40F-580DA28825EB}.Release|Any CPU.Build.0 = Release|Any CPU
	EndGlobalSection
	GlobalSection(SolutionProperties) = preSolution
		HideSolutionNode = FALSE
	EndGlobalSection
	GlobalSection(ExtensibilityGlobals) = postSolution
		SolutionGuid = {265EE45E-E6C8-4870-8299-E994BAEC8307}
	EndGlobalSection
EndGlobal
