
Microsoft Visual Studio Solution File, Format Version 12.00
# Visual Studio Version 16
VisualStudioVersion = 16.0.32407.337
MinimumVisualStudioVersion = 10.0.40219.1
Project("{FAE04EC0-301F-11D3-BF4B-00C04F79EFBC}") = "Atividade de Split CS", "Atividade de Split CS\Atividade de Split CS.csproj", "{FBCBEF5D-DBFF-48D4-A956-C46F4B73E5EC}"
EndProject
Global
	GlobalSection(SolutionConfigurationPlatforms) = preSolution
		Debug|Any CPU = Debug|Any CPU
		Release|Any CPU = Release|Any CPU
	EndGlobalSection
	GlobalSection(ProjectConfigurationPlatforms) = postSolution
		{FBCBEF5D-DBFF-48D4-A956-C46F4B73E5EC}.Debug|Any CPU.ActiveCfg = Debug|Any CPU
		{FBCBEF5D-DBFF-48D4-A956-C46F4B73E5EC}.Debug|Any CPU.Build.0 = Debug|Any CPU
		{FBCBEF5D-DBFF-48D4-A956-C46F4B73E5EC}.Release|Any CPU.ActiveCfg = Release|Any CPU
		{FBCBEF5D-DBFF-48D4-A956-C46F4B73E5EC}.Release|Any CPU.Build.0 = Release|Any CPU
	EndGlobalSection
	GlobalSection(SolutionProperties) = preSolution
		HideSolutionNode = FALSE
	EndGlobalSection
	GlobalSection(ExtensibilityGlobals) = postSolution
		SolutionGuid = {1D7A7FC7-2AEB-4B33-92D8-FCE110F8713E}
	EndGlobalSection
EndGlobal
