
Microsoft Visual Studio Solution File, Format Version 12.00
# Visual Studio Version 16
VisualStudioVersion = 16.0.32413.511
MinimumVisualStudioVersion = 10.0.40219.1
Project("{FAE04EC0-301F-11D3-BF4B-00C04F79EFBC}") = "Uri1041", "Uri1041\Uri1041.csproj", "{1A85E0FA-3537-4AAC-B5DA-9E06766C3D98}"
EndProject
Global
	GlobalSection(SolutionConfigurationPlatforms) = preSolution
		Debug|Any CPU = Debug|Any CPU
		Release|Any CPU = Release|Any CPU
	EndGlobalSection
	GlobalSection(ProjectConfigurationPlatforms) = postSolution
		{1A85E0FA-3537-4AAC-B5DA-9E06766C3D98}.Debug|Any CPU.ActiveCfg = Debug|Any CPU
		{1A85E0FA-3537-4AAC-B5DA-9E06766C3D98}.Debug|Any CPU.Build.0 = Debug|Any CPU
		{1A85E0FA-3537-4AAC-B5DA-9E06766C3D98}.Release|Any CPU.ActiveCfg = Release|Any CPU
		{1A85E0FA-3537-4AAC-B5DA-9E06766C3D98}.Release|Any CPU.Build.0 = Release|Any CPU
	EndGlobalSection
	GlobalSection(SolutionProperties) = preSolution
		HideSolutionNode = FALSE
	EndGlobalSection
	GlobalSection(ExtensibilityGlobals) = postSolution
		SolutionGuid = {D7AB32AD-E9DE-48CF-B970-2ABD05EB5163}
	EndGlobalSection
EndGlobal
