
Microsoft Visual Studio Solution File, Format Version 12.00
# Visual Studio Version 16
VisualStudioVersion = 16.0.32413.511
MinimumVisualStudioVersion = 10.0.40219.1
Project("{FAE04EC0-301F-11D3-BF4B-00C04F79EFBC}") = "uri1044", "uri1044\uri1044.csproj", "{191C737B-BDDC-4FA9-B3F4-35F3F5453BBD}"
EndProject
Global
	GlobalSection(SolutionConfigurationPlatforms) = preSolution
		Debug|Any CPU = Debug|Any CPU
		Release|Any CPU = Release|Any CPU
	EndGlobalSection
	GlobalSection(ProjectConfigurationPlatforms) = postSolution
		{191C737B-BDDC-4FA9-B3F4-35F3F5453BBD}.Debug|Any CPU.ActiveCfg = Debug|Any CPU
		{191C737B-BDDC-4FA9-B3F4-35F3F5453BBD}.Debug|Any CPU.Build.0 = Debug|Any CPU
		{191C737B-BDDC-4FA9-B3F4-35F3F5453BBD}.Release|Any CPU.ActiveCfg = Release|Any CPU
		{191C737B-BDDC-4FA9-B3F4-35F3F5453BBD}.Release|Any CPU.Build.0 = Release|Any CPU
	EndGlobalSection
	GlobalSection(SolutionProperties) = preSolution
		HideSolutionNode = FALSE
	EndGlobalSection
	GlobalSection(ExtensibilityGlobals) = postSolution
		SolutionGuid = {ED1063D0-ED52-4DB7-97F9-5A7360A3CDCC}
	EndGlobalSection
EndGlobal
