
Microsoft Visual Studio Solution File, Format Version 12.00
# Visual Studio Version 17
VisualStudioVersion = 17.1.32414.318
MinimumVisualStudioVersion = 10.0.40219.1
Project("{FAE04EC0-301F-11D3-BF4B-00C04F79EFBC}") = "TesteApp", "TesteApp\TesteApp.csproj", "{9413947D-508C-4C47-8AF8-43D014DD823A}"
EndProject
Global
	GlobalSection(SolutionConfigurationPlatforms) = preSolution
		Debug|Any CPU = Debug|Any CPU
		Release|Any CPU = Release|Any CPU
	EndGlobalSection
	GlobalSection(ProjectConfigurationPlatforms) = postSolution
		{9413947D-508C-4C47-8AF8-43D014DD823A}.Debug|Any CPU.ActiveCfg = Debug|Any CPU
		{9413947D-508C-4C47-8AF8-43D014DD823A}.Debug|Any CPU.Build.0 = Debug|Any CPU
		{9413947D-508C-4C47-8AF8-43D014DD823A}.Release|Any CPU.ActiveCfg = Release|Any CPU
		{9413947D-508C-4C47-8AF8-43D014DD823A}.Release|Any CPU.Build.0 = Release|Any CPU
	EndGlobalSection
	GlobalSection(SolutionProperties) = preSolution
		HideSolutionNode = FALSE
	EndGlobalSection
	GlobalSection(ExtensibilityGlobals) = postSolution
		SolutionGuid = {85491520-800B-4010-86B6-5ADF2341E4C9}
	EndGlobalSection
EndGlobal
