
Microsoft Visual Studio Solution File, Format Version 12.00
# Visual Studio Version 16
VisualStudioVersion = 16.0.32407.337
MinimumVisualStudioVersion = 10.0.40219.1
Project("{FAE04EC0-301F-11D3-BF4B-00C04F79EFBC}") = "Exemplos_de_bliblioteca_linq_cs", "Exemplos_de_bliblioteca_linq_cs\Exemplos_de_bliblioteca_linq_cs.csproj", "{C52C60DA-2209-4AE6-8D13-FC896462E503}"
EndProject
Global
	GlobalSection(SolutionConfigurationPlatforms) = preSolution
		Debug|Any CPU = Debug|Any CPU
		Release|Any CPU = Release|Any CPU
	EndGlobalSection
	GlobalSection(ProjectConfigurationPlatforms) = postSolution
		{C52C60DA-2209-4AE6-8D13-FC896462E503}.Debug|Any CPU.ActiveCfg = Debug|Any CPU
		{C52C60DA-2209-4AE6-8D13-FC896462E503}.Debug|Any CPU.Build.0 = Debug|Any CPU
		{C52C60DA-2209-4AE6-8D13-FC896462E503}.Release|Any CPU.ActiveCfg = Release|Any CPU
		{C52C60DA-2209-4AE6-8D13-FC896462E503}.Release|Any CPU.Build.0 = Release|Any CPU
	EndGlobalSection
	GlobalSection(SolutionProperties) = preSolution
		HideSolutionNode = FALSE
	EndGlobalSection
	GlobalSection(ExtensibilityGlobals) = postSolution
		SolutionGuid = {3C4A2AB7-A82D-41E8-8945-BE4C0D0D95E8}
	EndGlobalSection
EndGlobal
