
Microsoft Visual Studio Solution File, Format Version 12.00
# Visual Studio Version 17
VisualStudioVersion = 17.1.32407.343
MinimumVisualStudioVersion = 10.0.40219.1
Project("{FAE04EC0-301F-11D3-BF4B-00C04F79EFBC}") = "AtividadesDeMetodos", "AtividadesDeMetodos.csproj", "{7BBEA6CC-DC57-4DA7-A65C-A11FDF29BFFD}"
EndProject
Global
	GlobalSection(SolutionConfigurationPlatforms) = preSolution
		Debug|Any CPU = Debug|Any CPU
		Release|Any CPU = Release|Any CPU
	EndGlobalSection
	GlobalSection(ProjectConfigurationPlatforms) = postSolution
		{7BBEA6CC-DC57-4DA7-A65C-A11FDF29BFFD}.Debug|Any CPU.ActiveCfg = Debug|Any CPU
		{7BBEA6CC-DC57-4DA7-A65C-A11FDF29BFFD}.Debug|Any CPU.Build.0 = Debug|Any CPU
		{7BBEA6CC-DC57-4DA7-A65C-A11FDF29BFFD}.Release|Any CPU.ActiveCfg = Release|Any CPU
		{7BBEA6CC-DC57-4DA7-A65C-A11FDF29BFFD}.Release|Any CPU.Build.0 = Release|Any CPU
	EndGlobalSection
	GlobalSection(SolutionProperties) = preSolution
		HideSolutionNode = FALSE
	EndGlobalSection
	GlobalSection(ExtensibilityGlobals) = postSolution
		SolutionGuid = {9565DBE6-07A2-412B-9EE5-0136F1DBC394}
	EndGlobalSection
EndGlobal
