
Microsoft Visual Studio Solution File, Format Version 12.00
# Visual Studio Version 16
VisualStudioVersion = 16.0.32413.511
MinimumVisualStudioVersion = 10.0.40219.1
Project("{FAE04EC0-301F-11D3-BF4B-00C04F79EFBC}") = "uri1065", "uri1065\uri1065.csproj", "{7ECDD5D4-BCFF-40D5-98A4-DBB391537B74}"
EndProject
Global
	GlobalSection(SolutionConfigurationPlatforms) = preSolution
		Debug|Any CPU = Debug|Any CPU
		Release|Any CPU = Release|Any CPU
	EndGlobalSection
	GlobalSection(ProjectConfigurationPlatforms) = postSolution
		{7ECDD5D4-BCFF-40D5-98A4-DBB391537B74}.Debug|Any CPU.ActiveCfg = Debug|Any CPU
		{7ECDD5D4-BCFF-40D5-98A4-DBB391537B74}.Debug|Any CPU.Build.0 = Debug|Any CPU
		{7ECDD5D4-BCFF-40D5-98A4-DBB391537B74}.Release|Any CPU.ActiveCfg = Release|Any CPU
		{7ECDD5D4-BCFF-40D5-98A4-DBB391537B74}.Release|Any CPU.Build.0 = Release|Any CPU
	EndGlobalSection
	GlobalSection(SolutionProperties) = preSolution
		HideSolutionNode = FALSE
	EndGlobalSection
	GlobalSection(ExtensibilityGlobals) = postSolution
		SolutionGuid = {DA4D8B22-4D7D-41F1-BFDE-C712AE601B04}
	EndGlobalSection
EndGlobal
