
Microsoft Visual Studio Solution File, Format Version 12.00
# Visual Studio Version 16
VisualStudioVersion = 16.0.32413.511
MinimumVisualStudioVersion = 10.0.40219.1
Project("{FAE04EC0-301F-11D3-BF4B-00C04F79EFBC}") = "uri1045", "uri1045\uri1045.csproj", "{C605E0F2-5D82-4108-A7EF-4A3D8A4244A9}"
EndProject
Global
	GlobalSection(SolutionConfigurationPlatforms) = preSolution
		Debug|Any CPU = Debug|Any CPU
		Release|Any CPU = Release|Any CPU
	EndGlobalSection
	GlobalSection(ProjectConfigurationPlatforms) = postSolution
		{C605E0F2-5D82-4108-A7EF-4A3D8A4244A9}.Debug|Any CPU.ActiveCfg = Debug|Any CPU
		{C605E0F2-5D82-4108-A7EF-4A3D8A4244A9}.Debug|Any CPU.Build.0 = Debug|Any CPU
		{C605E0F2-5D82-4108-A7EF-4A3D8A4244A9}.Release|Any CPU.ActiveCfg = Release|Any CPU
		{C605E0F2-5D82-4108-A7EF-4A3D8A4244A9}.Release|Any CPU.Build.0 = Release|Any CPU
	EndGlobalSection
	GlobalSection(SolutionProperties) = preSolution
		HideSolutionNode = FALSE
	EndGlobalSection
	GlobalSection(ExtensibilityGlobals) = postSolution
		SolutionGuid = {E0E33CED-813E-4DB5-82BB-6EED04A9C944}
	EndGlobalSection
EndGlobal
