
Microsoft Visual Studio Solution File, Format Version 12.00
# Visual Studio Version 16
VisualStudioVersion = 16.0.32413.511
MinimumVisualStudioVersion = 10.0.40219.1
Project("{FAE04EC0-301F-11D3-BF4B-00C04F79EFBC}") = "uri1073QuadradoDePares", "uri1073QuadradoDePares\uri1073QuadradoDePares.csproj", "{8AAFAB0D-9297-49CD-AB9C-E5B027A8D078}"
EndProject
Global
	GlobalSection(SolutionConfigurationPlatforms) = preSolution
		Debug|Any CPU = Debug|Any CPU
		Release|Any CPU = Release|Any CPU
	EndGlobalSection
	GlobalSection(ProjectConfigurationPlatforms) = postSolution
		{8AAFAB0D-9297-49CD-AB9C-E5B027A8D078}.Debug|Any CPU.ActiveCfg = Debug|Any CPU
		{8AAFAB0D-9297-49CD-AB9C-E5B027A8D078}.Debug|Any CPU.Build.0 = Debug|Any CPU
		{8AAFAB0D-9297-49CD-AB9C-E5B027A8D078}.Release|Any CPU.ActiveCfg = Release|Any CPU
		{8AAFAB0D-9297-49CD-AB9C-E5B027A8D078}.Release|Any CPU.Build.0 = Release|Any CPU
	EndGlobalSection
	GlobalSection(SolutionProperties) = preSolution
		HideSolutionNode = FALSE
	EndGlobalSection
	GlobalSection(ExtensibilityGlobals) = postSolution
		SolutionGuid = {A36EE68D-AEDB-4F93-AAB4-A5696E99C5D0}
	EndGlobalSection
EndGlobal
