
Microsoft Visual Studio Solution File, Format Version 12.00
# Visual Studio Version 16
VisualStudioVersion = 16.0.32413.511
MinimumVisualStudioVersion = 10.0.40219.1
Project("{FAE04EC0-301F-11D3-BF4B-00C04F79EFBC}") = "AtividadesPropostasVetor3", "AtividadesPropostasVetor3\AtividadesPropostasVetor3.csproj", "{F7AA5403-E86A-4878-AFBE-2522EFE212B3}"
EndProject
Global
	GlobalSection(SolutionConfigurationPlatforms) = preSolution
		Debug|Any CPU = Debug|Any CPU
		Release|Any CPU = Release|Any CPU
	EndGlobalSection
	GlobalSection(ProjectConfigurationPlatforms) = postSolution
		{F7AA5403-E86A-4878-AFBE-2522EFE212B3}.Debug|Any CPU.ActiveCfg = Debug|Any CPU
		{F7AA5403-E86A-4878-AFBE-2522EFE212B3}.Debug|Any CPU.Build.0 = Debug|Any CPU
		{F7AA5403-E86A-4878-AFBE-2522EFE212B3}.Release|Any CPU.ActiveCfg = Release|Any CPU
		{F7AA5403-E86A-4878-AFBE-2522EFE212B3}.Release|Any CPU.Build.0 = Release|Any CPU
	EndGlobalSection
	GlobalSection(SolutionProperties) = preSolution
		HideSolutionNode = FALSE
	EndGlobalSection
	GlobalSection(ExtensibilityGlobals) = postSolution
		SolutionGuid = {90D0BAAB-ECCB-41F9-919B-3A1D44068D85}
	EndGlobalSection
EndGlobal
