
Microsoft Visual Studio Solution File, Format Version 12.00
# Visual Studio Version 16
VisualStudioVersion = 16.0.32407.337
MinimumVisualStudioVersion = 10.0.40219.1
Project("{FAE04EC0-301F-11D3-BF4B-00C04F79EFBC}") = "uri1010_vetor_cs", "uri1010_vetor_cs\uri1010_vetor_cs.csproj", "{985DE7CD-3588-4174-BE36-2493617905FE}"
EndProject
Global
	GlobalSection(SolutionConfigurationPlatforms) = preSolution
		Debug|Any CPU = Debug|Any CPU
		Release|Any CPU = Release|Any CPU
	EndGlobalSection
	GlobalSection(ProjectConfigurationPlatforms) = postSolution
		{985DE7CD-3588-4174-BE36-2493617905FE}.Debug|Any CPU.ActiveCfg = Debug|Any CPU
		{985DE7CD-3588-4174-BE36-2493617905FE}.Debug|Any CPU.Build.0 = Debug|Any CPU
		{985DE7CD-3588-4174-BE36-2493617905FE}.Release|Any CPU.ActiveCfg = Release|Any CPU
		{985DE7CD-3588-4174-BE36-2493617905FE}.Release|Any CPU.Build.0 = Release|Any CPU
	EndGlobalSection
	GlobalSection(SolutionProperties) = preSolution
		HideSolutionNode = FALSE
	EndGlobalSection
	GlobalSection(ExtensibilityGlobals) = postSolution
		SolutionGuid = {DD973D29-9716-4615-B1A8-3C64C6D8BEDF}
	EndGlobalSection
EndGlobal
