
Microsoft Visual Studio Solution File, Format Version 12.00
# Visual Studio Version 16
VisualStudioVersion = 16.0.32413.511
MinimumVisualStudioVersion = 10.0.40219.1
Project("{FAE04EC0-301F-11D3-BF4B-00C04F79EFBC}") = "uri1160CrescimentoPopulacional", "uri1160CrescimentoPopulacional\uri1160CrescimentoPopulacional.csproj", "{B64EFBED-CA75-4CFD-9119-6970D1B3FBAE}"
EndProject
Global
	GlobalSection(SolutionConfigurationPlatforms) = preSolution
		Debug|Any CPU = Debug|Any CPU
		Release|Any CPU = Release|Any CPU
	EndGlobalSection
	GlobalSection(ProjectConfigurationPlatforms) = postSolution
		{B64EFBED-CA75-4CFD-9119-6970D1B3FBAE}.Debug|Any CPU.ActiveCfg = Debug|Any CPU
		{B64EFBED-CA75-4CFD-9119-6970D1B3FBAE}.Debug|Any CPU.Build.0 = Debug|Any CPU
		{B64EFBED-CA75-4CFD-9119-6970D1B3FBAE}.Release|Any CPU.ActiveCfg = Release|Any CPU
		{B64EFBED-CA75-4CFD-9119-6970D1B3FBAE}.Release|Any CPU.Build.0 = Release|Any CPU
	EndGlobalSection
	GlobalSection(SolutionProperties) = preSolution
		HideSolutionNode = FALSE
	EndGlobalSection
	GlobalSection(ExtensibilityGlobals) = postSolution
		SolutionGuid = {EAF65E22-C23F-4CA6-AA08-97D018CA4BC1}
	EndGlobalSection
EndGlobal
