
Microsoft Visual Studio Solution File, Format Version 12.00
# Visual Studio Version 16
VisualStudioVersion = 16.0.32407.337
MinimumVisualStudioVersion = 10.0.40219.1
Project("{FAE04EC0-301F-11D3-BF4B-00C04F79EFBC}") = "uri1021", "uri1021\uri1021.csproj", "{587B7FAD-2BFD-4D25-90AA-CFB242D3E65F}"
EndProject
Global
	GlobalSection(SolutionConfigurationPlatforms) = preSolution
		Debug|Any CPU = Debug|Any CPU
		Release|Any CPU = Release|Any CPU
	EndGlobalSection
	GlobalSection(ProjectConfigurationPlatforms) = postSolution
		{587B7FAD-2BFD-4D25-90AA-CFB242D3E65F}.Debug|Any CPU.ActiveCfg = Debug|Any CPU
		{587B7FAD-2BFD-4D25-90AA-CFB242D3E65F}.Debug|Any CPU.Build.0 = Debug|Any CPU
		{587B7FAD-2BFD-4D25-90AA-CFB242D3E65F}.Release|Any CPU.ActiveCfg = Release|Any CPU
		{587B7FAD-2BFD-4D25-90AA-CFB242D3E65F}.Release|Any CPU.Build.0 = Release|Any CPU
	EndGlobalSection
	GlobalSection(SolutionProperties) = preSolution
		HideSolutionNode = FALSE
	EndGlobalSection
	GlobalSection(ExtensibilityGlobals) = postSolution
		SolutionGuid = {E580F36F-C997-4FE3-81A1-4667F7C3439F}
	EndGlobalSection
EndGlobal
