
Microsoft Visual Studio Solution File, Format Version 12.00
# Visual Studio Version 16
VisualStudioVersion = 16.0.32413.511
MinimumVisualStudioVersion = 10.0.40219.1
Project("{FAE04EC0-301F-11D3-BF4B-00C04F79EFBC}") = "uri1066", "uri1066\uri1066.csproj", "{5F91558C-0BDB-4893-8ED2-D43114A2A169}"
EndProject
Global
	GlobalSection(SolutionConfigurationPlatforms) = preSolution
		Debug|Any CPU = Debug|Any CPU
		Release|Any CPU = Release|Any CPU
	EndGlobalSection
	GlobalSection(ProjectConfigurationPlatforms) = postSolution
		{5F91558C-0BDB-4893-8ED2-D43114A2A169}.Debug|Any CPU.ActiveCfg = Debug|Any CPU
		{5F91558C-0BDB-4893-8ED2-D43114A2A169}.Debug|Any CPU.Build.0 = Debug|Any CPU
		{5F91558C-0BDB-4893-8ED2-D43114A2A169}.Release|Any CPU.ActiveCfg = Release|Any CPU
		{5F91558C-0BDB-4893-8ED2-D43114A2A169}.Release|Any CPU.Build.0 = Release|Any CPU
	EndGlobalSection
	GlobalSection(SolutionProperties) = preSolution
		HideSolutionNode = FALSE
	EndGlobalSection
	GlobalSection(ExtensibilityGlobals) = postSolution
		SolutionGuid = {89A32480-4A06-4C8D-B443-13D8CCC6CC40}
	EndGlobalSection
EndGlobal
