
Microsoft Visual Studio Solution File, Format Version 12.00
# Visual Studio Version 16
VisualStudioVersion = 16.0.32413.511
MinimumVisualStudioVersion = 10.0.40219.1
Project("{FAE04EC0-301F-11D3-BF4B-00C04F79EFBC}") = "uri1114EstruturaDeRepetiçao", "uri1114EstruturaDeRepetiçao\uri1114EstruturaDeRepetiçao.csproj", "{0E4E7FB3-6DE6-41B3-9EE6-02DFBA269543}"
EndProject
Global
	GlobalSection(SolutionConfigurationPlatforms) = preSolution
		Debug|Any CPU = Debug|Any CPU
		Release|Any CPU = Release|Any CPU
	EndGlobalSection
	GlobalSection(ProjectConfigurationPlatforms) = postSolution
		{0E4E7FB3-6DE6-41B3-9EE6-02DFBA269543}.Debug|Any CPU.ActiveCfg = Debug|Any CPU
		{0E4E7FB3-6DE6-41B3-9EE6-02DFBA269543}.Debug|Any CPU.Build.0 = Debug|Any CPU
		{0E4E7FB3-6DE6-41B3-9EE6-02DFBA269543}.Release|Any CPU.ActiveCfg = Release|Any CPU
		{0E4E7FB3-6DE6-41B3-9EE6-02DFBA269543}.Release|Any CPU.Build.0 = Release|Any CPU
	EndGlobalSection
	GlobalSection(SolutionProperties) = preSolution
		HideSolutionNode = FALSE
	EndGlobalSection
	GlobalSection(ExtensibilityGlobals) = postSolution
		SolutionGuid = {66185D4B-BDE1-4357-A736-3F8B889BBAE4}
	EndGlobalSection
EndGlobal
