
Microsoft Visual Studio Solution File, Format Version 12.00
# Visual Studio Version 16
VisualStudioVersion = 16.0.32413.511
MinimumVisualStudioVersion = 10.0.40219.1
Project("{FAE04EC0-301F-11D3-BF4B-00C04F79EFBC}") = "uri1133RestoDaDivisao2ou3", "uri1133RestoDaDivisao2ou3\uri1133RestoDaDivisao2ou3.csproj", "{2930BE6C-44CE-4AEA-9C43-50CC2245DD6C}"
EndProject
Global
	GlobalSection(SolutionConfigurationPlatforms) = preSolution
		Debug|Any CPU = Debug|Any CPU
		Release|Any CPU = Release|Any CPU
	EndGlobalSection
	GlobalSection(ProjectConfigurationPlatforms) = postSolution
		{2930BE6C-44CE-4AEA-9C43-50CC2245DD6C}.Debug|Any CPU.ActiveCfg = Debug|Any CPU
		{2930BE6C-44CE-4AEA-9C43-50CC2245DD6C}.Debug|Any CPU.Build.0 = Debug|Any CPU
		{2930BE6C-44CE-4AEA-9C43-50CC2245DD6C}.Release|Any CPU.ActiveCfg = Release|Any CPU
		{2930BE6C-44CE-4AEA-9C43-50CC2245DD6C}.Release|Any CPU.Build.0 = Release|Any CPU
	EndGlobalSection
	GlobalSection(SolutionProperties) = preSolution
		HideSolutionNode = FALSE
	EndGlobalSection
	GlobalSection(ExtensibilityGlobals) = postSolution
		SolutionGuid = {188AE621-5C5B-47D4-ACBD-20502ADF22AA}
	EndGlobalSection
EndGlobal
