
Microsoft Visual Studio Solution File, Format Version 12.00
# Visual Studio Version 16
VisualStudioVersion = 16.0.32413.511
MinimumVisualStudioVersion = 10.0.40219.1
Project("{FAE04EC0-301F-11D3-BF4B-00C04F79EFBC}") = "uri1097Sequencia2", "uri1097Sequencia2\uri1097Sequencia2.csproj", "{DD33F1B4-638B-4B94-BB31-01F860F9D986}"
EndProject
Global
	GlobalSection(SolutionConfigurationPlatforms) = preSolution
		Debug|Any CPU = Debug|Any CPU
		Release|Any CPU = Release|Any CPU
	EndGlobalSection
	GlobalSection(ProjectConfigurationPlatforms) = postSolution
		{DD33F1B4-638B-4B94-BB31-01F860F9D986}.Debug|Any CPU.ActiveCfg = Debug|Any CPU
		{DD33F1B4-638B-4B94-BB31-01F860F9D986}.Debug|Any CPU.Build.0 = Debug|Any CPU
		{DD33F1B4-638B-4B94-BB31-01F860F9D986}.Release|Any CPU.ActiveCfg = Release|Any CPU
		{DD33F1B4-638B-4B94-BB31-01F860F9D986}.Release|Any CPU.Build.0 = Release|Any CPU
	EndGlobalSection
	GlobalSection(SolutionProperties) = preSolution
		HideSolutionNode = FALSE
	EndGlobalSection
	GlobalSection(ExtensibilityGlobals) = postSolution
		SolutionGuid = {1A24176A-D822-4172-A519-0CBB247F255C}
	EndGlobalSection
EndGlobal
