
Microsoft Visual Studio Solution File, Format Version 12.00
# Visual Studio Version 16
VisualStudioVersion = 16.0.32407.337
MinimumVisualStudioVersion = 10.0.40219.1
Project("{FAE04EC0-301F-11D3-BF4B-00C04F79EFBC}") = "uri1009_calculo_de_porcentagem_cs", "uri1009_calculo_de_porcentagem_cs\uri1009_calculo_de_porcentagem_cs.csproj", "{A95E2B06-D2F5-4F76-8BFE-C16764D42927}"
EndProject
Global
	GlobalSection(SolutionConfigurationPlatforms) = preSolution
		Debug|Any CPU = Debug|Any CPU
		Release|Any CPU = Release|Any CPU
	EndGlobalSection
	GlobalSection(ProjectConfigurationPlatforms) = postSolution
		{A95E2B06-D2F5-4F76-8BFE-C16764D42927}.Debug|Any CPU.ActiveCfg = Debug|Any CPU
		{A95E2B06-D2F5-4F76-8BFE-C16764D42927}.Debug|Any CPU.Build.0 = Debug|Any CPU
		{A95E2B06-D2F5-4F76-8BFE-C16764D42927}.Release|Any CPU.ActiveCfg = Release|Any CPU
		{A95E2B06-D2F5-4F76-8BFE-C16764D42927}.Release|Any CPU.Build.0 = Release|Any CPU
	EndGlobalSection
	GlobalSection(SolutionProperties) = preSolution
		HideSolutionNode = FALSE
	EndGlobalSection
	GlobalSection(ExtensibilityGlobals) = postSolution
		SolutionGuid = {FE8FFCAF-7271-41FC-B782-061549F39EB2}
	EndGlobalSection
EndGlobal
