
Microsoft Visual Studio Solution File, Format Version 12.00
# Visual Studio Version 16
VisualStudioVersion = 16.0.32407.337
MinimumVisualStudioVersion = 10.0.40219.1
Project("{FAE04EC0-301F-11D3-BF4B-00C04F79EFBC}") = "AtividadesPropostasMatriz6", "AtividadesPropostasMatriz6\AtividadesPropostasMatriz6.csproj", "{0C952D85-58A2-4F4D-B604-91F6964A9193}"
EndProject
Global
	GlobalSection(SolutionConfigurationPlatforms) = preSolution
		Debug|Any CPU = Debug|Any CPU
		Release|Any CPU = Release|Any CPU
	EndGlobalSection
	GlobalSection(ProjectConfigurationPlatforms) = postSolution
		{0C952D85-58A2-4F4D-B604-91F6964A9193}.Debug|Any CPU.ActiveCfg = Debug|Any CPU
		{0C952D85-58A2-4F4D-B604-91F6964A9193}.Debug|Any CPU.Build.0 = Debug|Any CPU
		{0C952D85-58A2-4F4D-B604-91F6964A9193}.Release|Any CPU.ActiveCfg = Release|Any CPU
		{0C952D85-58A2-4F4D-B604-91F6964A9193}.Release|Any CPU.Build.0 = Release|Any CPU
	EndGlobalSection
	GlobalSection(SolutionProperties) = preSolution
		HideSolutionNode = FALSE
	EndGlobalSection
	GlobalSection(ExtensibilityGlobals) = postSolution
		SolutionGuid = {C6124E8A-F879-4029-87AA-A68F75C7724F}
	EndGlobalSection
EndGlobal
