
Microsoft Visual Studio Solution File, Format Version 12.00
# Visual Studio Version 16
VisualStudioVersion = 16.0.32413.511
MinimumVisualStudioVersion = 10.0.40219.1
Project("{FAE04EC0-301F-11D3-BF4B-00C04F79EFBC}") = "uri1155SequenciaS", "uri1155SequenciaS\uri1155SequenciaS.csproj", "{F3D2BCA4-4CED-40C6-8527-CA98C4CEC899}"
EndProject
Global
	GlobalSection(SolutionConfigurationPlatforms) = preSolution
		Debug|Any CPU = Debug|Any CPU
		Release|Any CPU = Release|Any CPU
	EndGlobalSection
	GlobalSection(ProjectConfigurationPlatforms) = postSolution
		{F3D2BCA4-4CED-40C6-8527-CA98C4CEC899}.Debug|Any CPU.ActiveCfg = Debug|Any CPU
		{F3D2BCA4-4CED-40C6-8527-CA98C4CEC899}.Debug|Any CPU.Build.0 = Debug|Any CPU
		{F3D2BCA4-4CED-40C6-8527-CA98C4CEC899}.Release|Any CPU.ActiveCfg = Release|Any CPU
		{F3D2BCA4-4CED-40C6-8527-CA98C4CEC899}.Release|Any CPU.Build.0 = Release|Any CPU
	EndGlobalSection
	GlobalSection(SolutionProperties) = preSolution
		HideSolutionNode = FALSE
	EndGlobalSection
	GlobalSection(ExtensibilityGlobals) = postSolution
		SolutionGuid = {57C69B3D-31B0-4CF6-9439-5D3D827CE84D}
	EndGlobalSection
EndGlobal
