
Microsoft Visual Studio Solution File, Format Version 12.00
# Visual Studio Version 16
VisualStudioVersion = 16.0.32413.511
MinimumVisualStudioVersion = 10.0.40219.1
Project("{FAE04EC0-301F-11D3-BF4B-00C04F79EFBC}") = "uri1075Resto2", "uri1075Resto2\uri1075Resto2.csproj", "{6B6185D3-725A-4A8B-9A6A-74ED5D63E796}"
EndProject
Global
	GlobalSection(SolutionConfigurationPlatforms) = preSolution
		Debug|Any CPU = Debug|Any CPU
		Release|Any CPU = Release|Any CPU
	EndGlobalSection
	GlobalSection(ProjectConfigurationPlatforms) = postSolution
		{6B6185D3-725A-4A8B-9A6A-74ED5D63E796}.Debug|Any CPU.ActiveCfg = Debug|Any CPU
		{6B6185D3-725A-4A8B-9A6A-74ED5D63E796}.Debug|Any CPU.Build.0 = Debug|Any CPU
		{6B6185D3-725A-4A8B-9A6A-74ED5D63E796}.Release|Any CPU.ActiveCfg = Release|Any CPU
		{6B6185D3-725A-4A8B-9A6A-74ED5D63E796}.Release|Any CPU.Build.0 = Release|Any CPU
	EndGlobalSection
	GlobalSection(SolutionProperties) = preSolution
		HideSolutionNode = FALSE
	EndGlobalSection
	GlobalSection(ExtensibilityGlobals) = postSolution
		SolutionGuid = {A036213C-C484-4A9C-AF82-21CAC12E6719}
	EndGlobalSection
EndGlobal
