
Microsoft Visual Studio Solution File, Format Version 12.00
# Visual Studio Version 16
VisualStudioVersion = 16.0.32413.511
MinimumVisualStudioVersion = 10.0.40219.1
Project("{FAE04EC0-301F-11D3-BF4B-00C04F79EFBC}") = "ExerciciosPropostosVetores1", "ExerciciosPropostosVetores1\ExerciciosPropostosVetores1.csproj", "{6BEA69E5-9A78-4F1F-86B0-F9D80C9FFD16}"
EndProject
Global
	GlobalSection(SolutionConfigurationPlatforms) = preSolution
		Debug|Any CPU = Debug|Any CPU
		Release|Any CPU = Release|Any CPU
	EndGlobalSection
	GlobalSection(ProjectConfigurationPlatforms) = postSolution
		{6BEA69E5-9A78-4F1F-86B0-F9D80C9FFD16}.Debug|Any CPU.ActiveCfg = Debug|Any CPU
		{6BEA69E5-9A78-4F1F-86B0-F9D80C9FFD16}.Debug|Any CPU.Build.0 = Debug|Any CPU
		{6BEA69E5-9A78-4F1F-86B0-F9D80C9FFD16}.Release|Any CPU.ActiveCfg = Release|Any CPU
		{6BEA69E5-9A78-4F1F-86B0-F9D80C9FFD16}.Release|Any CPU.Build.0 = Release|Any CPU
	EndGlobalSection
	GlobalSection(SolutionProperties) = preSolution
		HideSolutionNode = FALSE
	EndGlobalSection
	GlobalSection(ExtensibilityGlobals) = postSolution
		SolutionGuid = {E85E3DD7-5D6D-4980-9E07-56121C715289}
	EndGlobalSection
EndGlobal
