
Microsoft Visual Studio Solution File, Format Version 12.00
# Visual Studio Version 16
VisualStudioVersion = 16.0.32407.337
MinimumVisualStudioVersion = 10.0.40219.1
Project("{FAE04EC0-301F-11D3-BF4B-00C04F79EFBC}") = "AtividadesPrpostasMatriz2", "AtividadesPrpostasMatriz2\AtividadesPrpostasMatriz2.csproj", "{263AB3A8-B2BF-405F-A15F-521AFC6DF987}"
EndProject
Global
	GlobalSection(SolutionConfigurationPlatforms) = preSolution
		Debug|Any CPU = Debug|Any CPU
		Release|Any CPU = Release|Any CPU
	EndGlobalSection
	GlobalSection(ProjectConfigurationPlatforms) = postSolution
		{263AB3A8-B2BF-405F-A15F-521AFC6DF987}.Debug|Any CPU.ActiveCfg = Debug|Any CPU
		{263AB3A8-B2BF-405F-A15F-521AFC6DF987}.Debug|Any CPU.Build.0 = Debug|Any CPU
		{263AB3A8-B2BF-405F-A15F-521AFC6DF987}.Release|Any CPU.ActiveCfg = Release|Any CPU
		{263AB3A8-B2BF-405F-A15F-521AFC6DF987}.Release|Any CPU.Build.0 = Release|Any CPU
	EndGlobalSection
	GlobalSection(SolutionProperties) = preSolution
		HideSolutionNode = FALSE
	EndGlobalSection
	GlobalSection(ExtensibilityGlobals) = postSolution
		SolutionGuid = {578015B5-9AE3-4E98-B82F-E9D2C83281AD}
	EndGlobalSection
EndGlobal
