
Microsoft Visual Studio Solution File, Format Version 12.00
# Visual Studio Version 16
VisualStudioVersion = 16.0.32413.511
MinimumVisualStudioVersion = 10.0.40219.1
Project("{FAE04EC0-301F-11D3-BF4B-00C04F79EFBC}") = "uri1074TesteParOuImpar", "uri1074TesteParOuImpar\uri1074TesteParOuImpar.csproj", "{55CF99EB-12DB-4459-BE78-7111D0C22515}"
EndProject
Global
	GlobalSection(SolutionConfigurationPlatforms) = preSolution
		Debug|Any CPU = Debug|Any CPU
		Release|Any CPU = Release|Any CPU
	EndGlobalSection
	GlobalSection(ProjectConfigurationPlatforms) = postSolution
		{55CF99EB-12DB-4459-BE78-7111D0C22515}.Debug|Any CPU.ActiveCfg = Debug|Any CPU
		{55CF99EB-12DB-4459-BE78-7111D0C22515}.Debug|Any CPU.Build.0 = Debug|Any CPU
		{55CF99EB-12DB-4459-BE78-7111D0C22515}.Release|Any CPU.ActiveCfg = Release|Any CPU
		{55CF99EB-12DB-4459-BE78-7111D0C22515}.Release|Any CPU.Build.0 = Release|Any CPU
	EndGlobalSection
	GlobalSection(SolutionProperties) = preSolution
		HideSolutionNode = FALSE
	EndGlobalSection
	GlobalSection(ExtensibilityGlobals) = postSolution
		SolutionGuid = {67CDCC77-3FBA-41BD-B901-D22E529F083F}
	EndGlobalSection
EndGlobal
