
Microsoft Visual Studio Solution File, Format Version 12.00
# Visual Studio Version 16
VisualStudioVersion = 16.0.32407.337
MinimumVisualStudioVersion = 10.0.40219.1
Project("{FAE04EC0-301F-11D3-BF4B-00C04F79EFBC}") = "Atividade_Area_Do_Circulo_cs", "Atividade_Area_Do_Circulo_cs\Atividade_Area_Do_Circulo_cs.csproj", "{88E5FB6B-0544-4078-9248-A85F49CE5961}"
EndProject
Global
	GlobalSection(SolutionConfigurationPlatforms) = preSolution
		Debug|Any CPU = Debug|Any CPU
		Release|Any CPU = Release|Any CPU
	EndGlobalSection
	GlobalSection(ProjectConfigurationPlatforms) = postSolution
		{88E5FB6B-0544-4078-9248-A85F49CE5961}.Debug|Any CPU.ActiveCfg = Debug|Any CPU
		{88E5FB6B-0544-4078-9248-A85F49CE5961}.Debug|Any CPU.Build.0 = Debug|Any CPU
		{88E5FB6B-0544-4078-9248-A85F49CE5961}.Release|Any CPU.ActiveCfg = Release|Any CPU
		{88E5FB6B-0544-4078-9248-A85F49CE5961}.Release|Any CPU.Build.0 = Release|Any CPU
	EndGlobalSection
	GlobalSection(SolutionProperties) = preSolution
		HideSolutionNode = FALSE
	EndGlobalSection
	GlobalSection(ExtensibilityGlobals) = postSolution
		SolutionGuid = {0AF6E4B9-0CDB-4517-80F5-CA2E9C8E6801}
	EndGlobalSection
EndGlobal
