
Microsoft Visual Studio Solution File, Format Version 12.00
# Visual Studio Version 16
VisualStudioVersion = 16.0.32407.337
MinimumVisualStudioVersion = 10.0.40219.1
Project("{FAE04EC0-301F-11D3-BF4B-00C04F79EFBC}") = "Atividade_Soma_simples_cs", "Atividade_Soma_simples_cs\Atividade_Soma_simples_cs.csproj", "{B5631D44-90B5-4EEB-B2E8-7BE3127F8D15}"
EndProject
Global
	GlobalSection(SolutionConfigurationPlatforms) = preSolution
		Debug|Any CPU = Debug|Any CPU
		Release|Any CPU = Release|Any CPU
	EndGlobalSection
	GlobalSection(ProjectConfigurationPlatforms) = postSolution
		{B5631D44-90B5-4EEB-B2E8-7BE3127F8D15}.Debug|Any CPU.ActiveCfg = Debug|Any CPU
		{B5631D44-90B5-4EEB-B2E8-7BE3127F8D15}.Debug|Any CPU.Build.0 = Debug|Any CPU
		{B5631D44-90B5-4EEB-B2E8-7BE3127F8D15}.Release|Any CPU.ActiveCfg = Release|Any CPU
		{B5631D44-90B5-4EEB-B2E8-7BE3127F8D15}.Release|Any CPU.Build.0 = Release|Any CPU
	EndGlobalSection
	GlobalSection(SolutionProperties) = preSolution
		HideSolutionNode = FALSE
	EndGlobalSection
	GlobalSection(ExtensibilityGlobals) = postSolution
		SolutionGuid = {A8930ABD-E8A7-460A-AF12-48843F07D8B0}
	EndGlobalSection
EndGlobal
